
Microsoft Visual Studio Solution File, Format Version 12.00
# Visual Studio Version 16
VisualStudioVersion = 16.0.29118.114
MinimumVisualStudioVersion = 10.0.40219.1
Project("{9A19103F-16F7-4668-BE54-9A1E7A4F7556}") = "SkiaSharp.Views.Forms", "SkiaSharp.Views.Forms\SkiaSharp.Views.Forms\SkiaSharp.Views.Forms.csproj", "{1555D119-8598-4E4D-91AC-D313F94A1673}"
EndProject
Project("{9A19103F-16F7-4668-BE54-9A1E7A4F7556}") = "SkiaSharp.Views.Desktop", "SkiaSharp.Views\SkiaSharp.Views.Desktop\SkiaSharp.Views.Desktop.csproj", "{E5A90865-C185-45AD-88D1-6DA7D6004B03}"
EndProject
Project("{2150E333-8FDC-42A3-9474-1A3956D46DE8}") = "SkiaSharp", "SkiaSharp", "{C335869B-7CC8-4239-B4A5-8031AA9758D3}"
EndProject
Project("{2150E333-8FDC-42A3-9474-1A3956D46DE8}") = "SkiaSharp.Views", "SkiaSharp.Views", "{F19E1537-81B2-4D4F-A69E-78DC73ACC141}"
EndProject
Project("{9A19103F-16F7-4668-BE54-9A1E7A4F7556}") = "SkiaSharp.Views.WPF", "SkiaSharp.Views\SkiaSharp.Views.WPF\SkiaSharp.Views.WPF.csproj", "{743CF830-D458-41A9-865A-F85126562015}"
EndProject
Project("{2150E333-8FDC-42A3-9474-1A3956D46DE8}") = "SkiaSharp.Views.Forms", "SkiaSharp.Views.Forms", "{DCADA8CC-D50A-4BD9-B2E6-86696A43D819}"
EndProject
Project("{9A19103F-16F7-4668-BE54-9A1E7A4F7556}") = "SkiaSharp", "..\binding\SkiaSharp\SkiaSharp.csproj", "{4E0924F8-D546-4428-9412-4B9411FBA5FF}"
EndProject
Project("{2150E333-8FDC-42A3-9474-1A3956D46DE8}") = "HarfBuzzSharp", "HarfBuzzSharp", "{2F28C1EB-D020-4A3A-948F-DF0AD0FDCC53}"
EndProject
Project("{2150E333-8FDC-42A3-9474-1A3956D46DE8}") = "SkiaSharp.HarfBuzz", "SkiaSharp.HarfBuzz", "{B2F89188-A459-4CC2-B348-9429FBF67C51}"
EndProject
Project("{9A19103F-16F7-4668-BE54-9A1E7A4F7556}") = "SkiaSharp.HarfBuzz", "SkiaSharp.HarfBuzz\SkiaSharp.HarfBuzz\SkiaSharp.HarfBuzz.csproj", "{7CAD1912-05A5-42E5-B7BA-81BB051F0566}"
EndProject
Project("{9A19103F-16F7-4668-BE54-9A1E7A4F7556}") = "HarfBuzzSharp", "..\binding\HarfBuzzSharp\HarfBuzzSharp.csproj", "{DD3EAFFF-E420-4AC3-925D-501EAE140B49}"
EndProject
Project("{2150E333-8FDC-42A3-9474-1A3956D46DE8}") = "SkiaSharp.Workbooks", "SkiaSharp.Workbooks", "{DF72A8D3-0A12-49C9-BBD2-4ACC9EB1A544}"
EndProject
Project("{9A19103F-16F7-4668-BE54-9A1E7A4F7556}") = "SkiaSharp.Workbooks", "SkiaSharp.Workbooks\SkiaSharp.Workbooks.csproj", "{89736865-5272-4A42-A7FB-D802C6345502}"
EndProject
Project("{9A19103F-16F7-4668-BE54-9A1E7A4F7556}") = "SkiaSharp.Views.Desktop.Common", "SkiaSharp.Views\SkiaSharp.Views.Desktop.Common\SkiaSharp.Views.Desktop.Common.csproj", "{6FB08346-1A02-4793-B5E1-4F739C6342D5}"
EndProject
Project("{9A19103F-16F7-4668-BE54-9A1E7A4F7556}") = "SkiaSharp.Views.Forms.WPF", "SkiaSharp.Views.Forms\SkiaSharp.Views.Forms.WPF\SkiaSharp.Views.Forms.WPF.csproj", "{A88ED3B7-79F8-446F-B6BF-72E94BB153C0}"
EndProject
Global
	GlobalSection(SolutionConfigurationPlatforms) = preSolution
		Debug|Any CPU = Debug|Any CPU
		Release|Any CPU = Release|Any CPU
	EndGlobalSection
	GlobalSection(ProjectConfigurationPlatforms) = postSolution
		{1555D119-8598-4E4D-91AC-D313F94A1673}.Debug|Any CPU.ActiveCfg = Debug|Any CPU
		{1555D119-8598-4E4D-91AC-D313F94A1673}.Debug|Any CPU.Build.0 = Debug|Any CPU
		{1555D119-8598-4E4D-91AC-D313F94A1673}.Release|Any CPU.ActiveCfg = Release|Any CPU
		{1555D119-8598-4E4D-91AC-D313F94A1673}.Release|Any CPU.Build.0 = Release|Any CPU
		{E5A90865-C185-45AD-88D1-6DA7D6004B03}.Debug|Any CPU.ActiveCfg = Debug|Any CPU
		{E5A90865-C185-45AD-88D1-6DA7D6004B03}.Debug|Any CPU.Build.0 = Debug|Any CPU
		{E5A90865-C185-45AD-88D1-6DA7D6004B03}.Release|Any CPU.ActiveCfg = Release|Any CPU
		{E5A90865-C185-45AD-88D1-6DA7D6004B03}.Release|Any CPU.Build.0 = Release|Any CPU
		{743CF830-D458-41A9-865A-F85126562015}.Debug|Any CPU.ActiveCfg = Debug|Any CPU
		{743CF830-D458-41A9-865A-F85126562015}.Debug|Any CPU.Build.0 = Debug|Any CPU
		{743CF830-D458-41A9-865A-F85126562015}.Release|Any CPU.ActiveCfg = Release|Any CPU
		{743CF830-D458-41A9-865A-F85126562015}.Release|Any CPU.Build.0 = Release|Any CPU
		{4E0924F8-D546-4428-9412-4B9411FBA5FF}.Debug|Any CPU.ActiveCfg = Debug|Any CPU
		{4E0924F8-D546-4428-9412-4B9411FBA5FF}.Debug|Any CPU.Build.0 = Debug|Any CPU
		{4E0924F8-D546-4428-9412-4B9411FBA5FF}.Release|Any CPU.ActiveCfg = Release|Any CPU
		{4E0924F8-D546-4428-9412-4B9411FBA5FF}.Release|Any CPU.Build.0 = Release|Any CPU
		{7CAD1912-05A5-42E5-B7BA-81BB051F0566}.Debug|Any CPU.ActiveCfg = Debug|Any CPU
		{7CAD1912-05A5-42E5-B7BA-81BB051F0566}.Debug|Any CPU.Build.0 = Debug|Any CPU
		{7CAD1912-05A5-42E5-B7BA-81BB051F0566}.Release|Any CPU.ActiveCfg = Release|Any CPU
		{7CAD1912-05A5-42E5-B7BA-81BB051F0566}.Release|Any CPU.Build.0 = Release|Any CPU
		{DD3EAFFF-E420-4AC3-925D-501EAE140B49}.Debug|Any CPU.ActiveCfg = Debug|Any CPU
		{DD3EAFFF-E420-4AC3-925D-501EAE140B49}.Debug|Any CPU.Build.0 = Debug|Any CPU
		{DD3EAFFF-E420-4AC3-925D-501EAE140B49}.Release|Any CPU.ActiveCfg = Release|Any CPU
		{DD3EAFFF-E420-4AC3-925D-501EAE140B49}.Release|Any CPU.Build.0 = Release|Any CPU
		{89736865-5272-4A42-A7FB-D802C6345502}.Debug|Any CPU.ActiveCfg = Debug|Any CPU
		{89736865-5272-4A42-A7FB-D802C6345502}.Debug|Any CPU.Build.0 = Debug|Any CPU
		{89736865-5272-4A42-A7FB-D802C6345502}.Release|Any CPU.ActiveCfg = Release|Any CPU
		{89736865-5272-4A42-A7FB-D802C6345502}.Release|Any CPU.Build.0 = Release|Any CPU
		{6FB08346-1A02-4793-B5E1-4F739C6342D5}.Debug|Any CPU.ActiveCfg = Debug|Any CPU
		{6FB08346-1A02-4793-B5E1-4F739C6342D5}.Debug|Any CPU.Build.0 = Debug|Any CPU
		{6FB08346-1A02-4793-B5E1-4F739C6342D5}.Release|Any CPU.ActiveCfg = Release|Any CPU
		{6FB08346-1A02-4793-B5E1-4F739C6342D5}.Release|Any CPU.Build.0 = Release|Any CPU
		{A88ED3B7-79F8-446F-B6BF-72E94BB153C0}.Debug|Any CPU.ActiveCfg = Debug|Any CPU
		{A88ED3B7-79F8-446F-B6BF-72E94BB153C0}.Debug|Any CPU.Build.0 = Debug|Any CPU
		{A88ED3B7-79F8-446F-B6BF-72E94BB153C0}.Release|Any CPU.ActiveCfg = Release|Any CPU
		{A88ED3B7-79F8-446F-B6BF-72E94BB153C0}.Release|Any CPU.Build.0 = Release|Any CPU
	EndGlobalSection
	GlobalSection(SolutionProperties) = preSolution
		HideSolutionNode = FALSE
	EndGlobalSection
	GlobalSection(NestedProjects) = preSolution
		{1555D119-8598-4E4D-91AC-D313F94A1673} = {DCADA8CC-D50A-4BD9-B2E6-86696A43D819}
		{E5A90865-C185-45AD-88D1-6DA7D6004B03} = {F19E1537-81B2-4D4F-A69E-78DC73ACC141}
		{743CF830-D458-41A9-865A-F85126562015} = {F19E1537-81B2-4D4F-A69E-78DC73ACC141}
		{4E0924F8-D546-4428-9412-4B9411FBA5FF} = {C335869B-7CC8-4239-B4A5-8031AA9758D3}
		{7CAD1912-05A5-42E5-B7BA-81BB051F0566} = {B2F89188-A459-4CC2-B348-9429FBF67C51}
		{DD3EAFFF-E420-4AC3-925D-501EAE140B49} = {2F28C1EB-D020-4A3A-948F-DF0AD0FDCC53}
		{89736865-5272-4A42-A7FB-D802C6345502} = {DF72A8D3-0A12-49C9-BBD2-4ACC9EB1A544}
		{6FB08346-1A02-4793-B5E1-4F739C6342D5} = {F19E1537-81B2-4D4F-A69E-78DC73ACC141}
		{A88ED3B7-79F8-446F-B6BF-72E94BB153C0} = {DCADA8CC-D50A-4BD9-B2E6-86696A43D819}
	EndGlobalSection
	GlobalSection(ExtensibilityGlobals) = postSolution
		SolutionGuid = {67EACD19-0CEA-4127-9842-549AA6FB84C9}
	EndGlobalSection
EndGlobal
