
Microsoft Visual Studio Solution File, Format Version 12.00
# Visual Studio Version 16
VisualStudioVersion = 16.0.29118.114
MinimumVisualStudioVersion = 10.0.40219.1
Project("{9A19103F-16F7-4668-BE54-9A1E7A4F7556}") = "SkiaSharp.Views.Desktop", "SkiaSharp.Views\SkiaSharp.Views.Desktop\SkiaSharp.Views.Desktop.csproj", "{E5A90865-C185-45AD-88D1-6DA7D6004B03}"
EndProject
Project("{2150E333-8FDC-42A3-9474-1A3956D46DE8}") = "SkiaSharp", "SkiaSharp", "{C335869B-7CC8-4239-B4A5-8031AA9758D3}"
EndProject
Project("{2150E333-8FDC-42A3-9474-1A3956D46DE8}") = "SkiaSharp.Views", "SkiaSharp.Views", "{F19E1537-81B2-4D4F-A69E-78DC73ACC141}"
EndProject
Project("{9A19103F-16F7-4668-BE54-9A1E7A4F7556}") = "SkiaSharp.Views.WPF", "SkiaSharp.Views\SkiaSharp.Views.WPF\SkiaSharp.Views.WPF.csproj", "{743CF830-D458-41A9-865A-F85126562015}"
EndProject
Project("{2150E333-8FDC-42A3-9474-1A3956D46DE8}") = "SkiaSharp.Views.Forms", "SkiaSharp.Views.Forms", "{D40675E1-610D-4BBB-AA2A-BEF020717431}"
EndProject
Project("{2150E333-8FDC-42A3-9474-1A3956D46DE8}") = "HarfBuzzSharp", "HarfBuzzSharp", "{9F016D5D-C7BF-45C7-BC0C-5A6E721DCF9E}"
EndProject
Project("{2150E333-8FDC-42A3-9474-1A3956D46DE8}") = "SkiaSharp.HarfBuzz", "SkiaSharp.HarfBuzz", "{EDCCEA7A-E6CD-4311-B686-41D7CA40DF85}"
EndProject
Project("{9A19103F-16F7-4668-BE54-9A1E7A4F7556}") = "SkiaSharp.HarfBuzz", "SkiaSharp.HarfBuzz\SkiaSharp.HarfBuzz\SkiaSharp.HarfBuzz.csproj", "{7CAD1912-05A5-42E5-B7BA-81BB051F0566}"
EndProject
Project("{2150E333-8FDC-42A3-9474-1A3956D46DE8}") = "SkiaSharp.Workbooks", "SkiaSharp.Workbooks", "{DF72A8D3-0A12-49C9-BBD2-4ACC9EB1A544}"
EndProject
Project("{9A19103F-16F7-4668-BE54-9A1E7A4F7556}") = "SkiaSharp.Workbooks", "SkiaSharp.Workbooks\SkiaSharp.Workbooks.csproj", "{89736865-5272-4A42-A7FB-D802C6345502}"
EndProject
Project("{9A19103F-16F7-4668-BE54-9A1E7A4F7556}") = "HarfBuzzSharp", "..\binding\HarfBuzzSharp\HarfBuzzSharp.csproj", "{2E3C9751-6A89-4510-AC4C-225A909460A0}"
EndProject
Project("{9A19103F-16F7-4668-BE54-9A1E7A4F7556}") = "SkiaSharp", "..\binding\SkiaSharp\SkiaSharp.csproj", "{7BFEC966-9910-49BA-A7D4-6204C30E3174}"
EndProject
Project("{9A19103F-16F7-4668-BE54-9A1E7A4F7556}") = "SkiaSharp.Views.Desktop.Common", "SkiaSharp.Views\SkiaSharp.Views.Desktop.Common\SkiaSharp.Views.Desktop.Common.csproj", "{6FB08346-1A02-4793-B5E1-4F739C6342D5}"
EndProject
Project("{9A19103F-16F7-4668-BE54-9A1E7A4F7556}") = "SkiaSharp.Views.Forms.WPF", "SkiaSharp.Views.Forms\SkiaSharp.Views.Forms.WPF\SkiaSharp.Views.Forms.WPF.csproj", "{F55B16B3-4427-45EA-A93C-E12A7409E37D}"
EndProject
Project("{9A19103F-16F7-4668-BE54-9A1E7A4F7556}") = "SkiaSharp.Views.WindowsForms", "SkiaSharp.Views\SkiaSharp.Views.WindowsForms\SkiaSharp.Views.WindowsForms.csproj", "{7E503AD4-F615-4FDE-8DFC-D3103CACB6B2}"
EndProject
Global
	GlobalSection(SolutionConfigurationPlatforms) = preSolution
		Debug|Any CPU = Debug|Any CPU
		Release|Any CPU = Release|Any CPU
	EndGlobalSection
	GlobalSection(ProjectConfigurationPlatforms) = postSolution
		{E5A90865-C185-45AD-88D1-6DA7D6004B03}.Debug|Any CPU.ActiveCfg = Debug|Any CPU
		{E5A90865-C185-45AD-88D1-6DA7D6004B03}.Debug|Any CPU.Build.0 = Debug|Any CPU
		{E5A90865-C185-45AD-88D1-6DA7D6004B03}.Release|Any CPU.ActiveCfg = Release|Any CPU
		{E5A90865-C185-45AD-88D1-6DA7D6004B03}.Release|Any CPU.Build.0 = Release|Any CPU
		{743CF830-D458-41A9-865A-F85126562015}.Debug|Any CPU.ActiveCfg = Debug|Any CPU
		{743CF830-D458-41A9-865A-F85126562015}.Debug|Any CPU.Build.0 = Debug|Any CPU
		{743CF830-D458-41A9-865A-F85126562015}.Release|Any CPU.ActiveCfg = Release|Any CPU
		{743CF830-D458-41A9-865A-F85126562015}.Release|Any CPU.Build.0 = Release|Any CPU
		{7CAD1912-05A5-42E5-B7BA-81BB051F0566}.Debug|Any CPU.ActiveCfg = Debug|Any CPU
		{7CAD1912-05A5-42E5-B7BA-81BB051F0566}.Debug|Any CPU.Build.0 = Debug|Any CPU
		{7CAD1912-05A5-42E5-B7BA-81BB051F0566}.Release|Any CPU.ActiveCfg = Release|Any CPU
		{7CAD1912-05A5-42E5-B7BA-81BB051F0566}.Release|Any CPU.Build.0 = Release|Any CPU
		{89736865-5272-4A42-A7FB-D802C6345502}.Debug|Any CPU.ActiveCfg = Debug|Any CPU
		{89736865-5272-4A42-A7FB-D802C6345502}.Debug|Any CPU.Build.0 = Debug|Any CPU
		{89736865-5272-4A42-A7FB-D802C6345502}.Release|Any CPU.ActiveCfg = Release|Any CPU
		{89736865-5272-4A42-A7FB-D802C6345502}.Release|Any CPU.Build.0 = Release|Any CPU
		{2E3C9751-6A89-4510-AC4C-225A909460A0}.Debug|Any CPU.ActiveCfg = Debug|Any CPU
		{2E3C9751-6A89-4510-AC4C-225A909460A0}.Debug|Any CPU.Build.0 = Debug|Any CPU
		{2E3C9751-6A89-4510-AC4C-225A909460A0}.Release|Any CPU.ActiveCfg = Release|Any CPU
		{2E3C9751-6A89-4510-AC4C-225A909460A0}.Release|Any CPU.Build.0 = Release|Any CPU
		{7BFEC966-9910-49BA-A7D4-6204C30E3174}.Debug|Any CPU.ActiveCfg = Debug|Any CPU
		{7BFEC966-9910-49BA-A7D4-6204C30E3174}.Debug|Any CPU.Build.0 = Debug|Any CPU
		{7BFEC966-9910-49BA-A7D4-6204C30E3174}.Release|Any CPU.ActiveCfg = Release|Any CPU
		{7BFEC966-9910-49BA-A7D4-6204C30E3174}.Release|Any CPU.Build.0 = Release|Any CPU
		{6FB08346-1A02-4793-B5E1-4F739C6342D5}.Debug|Any CPU.ActiveCfg = Debug|Any CPU
		{6FB08346-1A02-4793-B5E1-4F739C6342D5}.Debug|Any CPU.Build.0 = Debug|Any CPU
		{6FB08346-1A02-4793-B5E1-4F739C6342D5}.Release|Any CPU.ActiveCfg = Release|Any CPU
		{6FB08346-1A02-4793-B5E1-4F739C6342D5}.Release|Any CPU.Build.0 = Release|Any CPU
		{F55B16B3-4427-45EA-A93C-E12A7409E37D}.Debug|Any CPU.ActiveCfg = Debug|Any CPU
		{F55B16B3-4427-45EA-A93C-E12A7409E37D}.Debug|Any CPU.Build.0 = Debug|Any CPU
		{F55B16B3-4427-45EA-A93C-E12A7409E37D}.Release|Any CPU.ActiveCfg = Release|Any CPU
		{F55B16B3-4427-45EA-A93C-E12A7409E37D}.Release|Any CPU.Build.0 = Release|Any CPU
		{7E503AD4-F615-4FDE-8DFC-D3103CACB6B2}.Debug|Any CPU.ActiveCfg = Debug|Any CPU
		{7E503AD4-F615-4FDE-8DFC-D3103CACB6B2}.Debug|Any CPU.Build.0 = Debug|Any CPU
		{7E503AD4-F615-4FDE-8DFC-D3103CACB6B2}.Release|Any CPU.ActiveCfg = Release|Any CPU
		{7E503AD4-F615-4FDE-8DFC-D3103CACB6B2}.Release|Any CPU.Build.0 = Release|Any CPU
	EndGlobalSection
	GlobalSection(SolutionProperties) = preSolution
		HideSolutionNode = FALSE
	EndGlobalSection
	GlobalSection(NestedProjects) = preSolution
		{E5A90865-C185-45AD-88D1-6DA7D6004B03} = {F19E1537-81B2-4D4F-A69E-78DC73ACC141}
		{743CF830-D458-41A9-865A-F85126562015} = {F19E1537-81B2-4D4F-A69E-78DC73ACC141}
		{7CAD1912-05A5-42E5-B7BA-81BB051F0566} = {EDCCEA7A-E6CD-4311-B686-41D7CA40DF85}
		{89736865-5272-4A42-A7FB-D802C6345502} = {DF72A8D3-0A12-49C9-BBD2-4ACC9EB1A544}
		{2E3C9751-6A89-4510-AC4C-225A909460A0} = {9F016D5D-C7BF-45C7-BC0C-5A6E721DCF9E}
		{7BFEC966-9910-49BA-A7D4-6204C30E3174} = {C335869B-7CC8-4239-B4A5-8031AA9758D3}
		{6FB08346-1A02-4793-B5E1-4F739C6342D5} = {F19E1537-81B2-4D4F-A69E-78DC73ACC141}
		{F55B16B3-4427-45EA-A93C-E12A7409E37D} = {D40675E1-610D-4BBB-AA2A-BEF020717431}
		{7E503AD4-F615-4FDE-8DFC-D3103CACB6B2} = {F19E1537-81B2-4D4F-A69E-78DC73ACC141}
	EndGlobalSection
	GlobalSection(ExtensibilityGlobals) = postSolution
		SolutionGuid = {63A8C36E-4917-46DB-9AAD-522B8EC00C23}
	EndGlobalSection
EndGlobal
